
Microsoft Visual Studio Solution File, Format Version 11.00
# Visual Studio 2010
Project("{8BC9CEB8-8B4A-11D0-8D11-00A0C91BC942}") = "laba6_", "laba6_\laba6_.vcxproj", "{CFCC6D5B-EE79-4E1D-A25A-0647231E13AF}"
EndProject
Global
	GlobalSection(SolutionConfigurationPlatforms) = preSolution
		Debug|Win32 = Debug|Win32
		Release|Win32 = Release|Win32
	EndGlobalSection
	GlobalSection(ProjectConfigurationPlatforms) = postSolution
		{CFCC6D5B-EE79-4E1D-A25A-0647231E13AF}.Debug|Win32.ActiveCfg = Debug|Win32
		{CFCC6D5B-EE79-4E1D-A25A-0647231E13AF}.Debug|Win32.Build.0 = Debug|Win32
		{CFCC6D5B-EE79-4E1D-A25A-0647231E13AF}.Release|Win32.ActiveCfg = Release|Win32
		{CFCC6D5B-EE79-4E1D-A25A-0647231E13AF}.Release|Win32.Build.0 = Release|Win32
	EndGlobalSection
	GlobalSection(SolutionProperties) = preSolution
		HideSolutionNode = FALSE
	EndGlobalSection
EndGlobal
